
Microsoft Visual Studio Solution File, Format Version 12.00
# Visual Studio 15
VisualStudioVersion = 15.0.28307.421
MinimumVisualStudioVersion = 10.0.40219.1
Project("{FAE04EC0-301F-11D3-BF4B-00C04F79EFBC}") = "BitfinexLibrary", "BitfinexLibrary\BitfinexLibrary.csproj", "{7D71781B-F0A3-4428-95E4-BCA08103F942}"
EndProject
Project("{FAE04EC0-301F-11D3-BF4B-00C04F79EFBC}") = "Bitforex", "Bitforex\Bitforex.csproj", "{EC5F7A14-F941-4E6A-BAFA-42CC5280C0DA}"
EndProject
Project("{FAE04EC0-301F-11D3-BF4B-00C04F79EFBC}") = "BitmaxLibrary", "BitmaxLibrary\BitmaxLibrary.csproj", "{125ACDDA-B095-4C08-B7B1-E0DAA818C22B}"
EndProject
Project("{FAE04EC0-301F-11D3-BF4B-00C04F79EFBC}") = "Bitbank", "Bitbank\Bitbank.csproj", "{81E12874-B3DA-48EB-8071-79DA76683CD3}"
EndProject
Global
	GlobalSection(SolutionConfigurationPlatforms) = preSolution
		Debug|Any CPU = Debug|Any CPU
		Release|Any CPU = Release|Any CPU
	EndGlobalSection
	GlobalSection(ProjectConfigurationPlatforms) = postSolution
		{7D71781B-F0A3-4428-95E4-BCA08103F942}.Debug|Any CPU.ActiveCfg = Debug|Any CPU
		{7D71781B-F0A3-4428-95E4-BCA08103F942}.Debug|Any CPU.Build.0 = Debug|Any CPU
		{7D71781B-F0A3-4428-95E4-BCA08103F942}.Release|Any CPU.ActiveCfg = Release|Any CPU
		{7D71781B-F0A3-4428-95E4-BCA08103F942}.Release|Any CPU.Build.0 = Release|Any CPU
		{EC5F7A14-F941-4E6A-BAFA-42CC5280C0DA}.Debug|Any CPU.ActiveCfg = Debug|Any CPU
		{EC5F7A14-F941-4E6A-BAFA-42CC5280C0DA}.Debug|Any CPU.Build.0 = Debug|Any CPU
		{EC5F7A14-F941-4E6A-BAFA-42CC5280C0DA}.Release|Any CPU.ActiveCfg = Release|Any CPU
		{EC5F7A14-F941-4E6A-BAFA-42CC5280C0DA}.Release|Any CPU.Build.0 = Release|Any CPU
		{125ACDDA-B095-4C08-B7B1-E0DAA818C22B}.Debug|Any CPU.ActiveCfg = Debug|Any CPU
		{125ACDDA-B095-4C08-B7B1-E0DAA818C22B}.Debug|Any CPU.Build.0 = Debug|Any CPU
		{125ACDDA-B095-4C08-B7B1-E0DAA818C22B}.Release|Any CPU.ActiveCfg = Release|Any CPU
		{125ACDDA-B095-4C08-B7B1-E0DAA818C22B}.Release|Any CPU.Build.0 = Release|Any CPU
		{81E12874-B3DA-48EB-8071-79DA76683CD3}.Debug|Any CPU.ActiveCfg = Debug|Any CPU
		{81E12874-B3DA-48EB-8071-79DA76683CD3}.Debug|Any CPU.Build.0 = Debug|Any CPU
		{81E12874-B3DA-48EB-8071-79DA76683CD3}.Release|Any CPU.ActiveCfg = Release|Any CPU
		{81E12874-B3DA-48EB-8071-79DA76683CD3}.Release|Any CPU.Build.0 = Release|Any CPU
	EndGlobalSection
	GlobalSection(SolutionProperties) = preSolution
		HideSolutionNode = FALSE
	EndGlobalSection
	GlobalSection(ExtensibilityGlobals) = postSolution
		SolutionGuid = {5EC1BF4A-8BE9-4262-A7A5-B9D029A41994}
	EndGlobalSection
EndGlobal
